
Microsoft Visual Studio Solution File, Format Version 12.00
# Visual Studio 2012
Project("{FAE04EC0-301F-11D3-BF4B-00C04F79EFBC}") = "ConsoleApplication10", "ConsoleApplication10\ConsoleApplication10.csproj", "{165B1B20-B1B9-4908-B858-CC402CA10735}"
EndProject
Global
	GlobalSection(SolutionConfigurationPlatforms) = preSolution
		Debug|Any CPU = Debug|Any CPU
		Release|Any CPU = Release|Any CPU
	EndGlobalSection
	GlobalSection(ProjectConfigurationPlatforms) = postSolution
		{165B1B20-B1B9-4908-B858-CC402CA10735}.Debug|Any CPU.ActiveCfg = Debug|Any CPU
		{165B1B20-B1B9-4908-B858-CC402CA10735}.Debug|Any CPU.Build.0 = Debug|Any CPU
		{165B1B20-B1B9-4908-B858-CC402CA10735}.Release|Any CPU.ActiveCfg = Release|Any CPU
		{165B1B20-B1B9-4908-B858-CC402CA10735}.Release|Any CPU.Build.0 = Release|Any CPU
	EndGlobalSection
	GlobalSection(SolutionProperties) = preSolution
		HideSolutionNode = FALSE
	EndGlobalSection
EndGlobal
